{
  "name": "im-server",
  "version": "1.0.0",
  "lockfileVersion": 1,
  "requires": true,
  "dependencies": {
    "eventsource-polyfill": {
      "version": "0.9.6",
      "resolved": "http://registry.npm.taobao.org/eventsource-polyfill/download/eventsource-polyfill-0.9.6.tgz"
    },
    "selenium-server": {
      "version": "3.5.3",
      "resolved": "http://registry.npm.taobao.org/selenium-server/download/selenium-server-3.5.3.tgz",
      "integrity": "sha1-J4wK9hrClhR2pZxv+VEhbWfyCVw="
    }
  }
}
